
Microsoft Visual Studio Solution File, Format Version 12.00
# Visual Studio Version 17
VisualStudioVersion = 17.5.002.0
MinimumVisualStudioVersion = 10.0.40219.1
Project("{9A19103F-16F7-4668-BE54-9A1E7A4F7556}") = "HorasExtras", "HorasExtras.csproj", "{DEE83AC2-9EDA-4763-BDA8-3D156DDAD44B}"
EndProject
Global
	GlobalSection(SolutionConfigurationPlatforms) = preSolution
		Debug|Any CPU = Debug|Any CPU
		Release|Any CPU = Release|Any CPU
	EndGlobalSection
	GlobalSection(ProjectConfigurationPlatforms) = postSolution
		{DEE83AC2-9EDA-4763-BDA8-3D156DDAD44B}.Debug|Any CPU.ActiveCfg = Debug|Any CPU
		{DEE83AC2-9EDA-4763-BDA8-3D156DDAD44B}.Debug|Any CPU.Build.0 = Debug|Any CPU
		{DEE83AC2-9EDA-4763-BDA8-3D156DDAD44B}.Release|Any CPU.ActiveCfg = Release|Any CPU
		{DEE83AC2-9EDA-4763-BDA8-3D156DDAD44B}.Release|Any CPU.Build.0 = Release|Any CPU
	EndGlobalSection
	GlobalSection(SolutionProperties) = preSolution
		HideSolutionNode = FALSE
	EndGlobalSection
	GlobalSection(ExtensibilityGlobals) = postSolution
		SolutionGuid = {1C7FAC6B-A105-4FCE-9126-3A8B80B1C1DD}
	EndGlobalSection
EndGlobal
